
Microsoft Visual Studio Solution File, Format Version 12.00
# Visual Studio 2013
VisualStudioVersion = 12.0.31101.0
MinimumVisualStudioVersion = 10.0.40219.1
Project("{FAE04EC0-301F-11D3-BF4B-00C04F79EFBC}") = "BaseWebTamplate", "BaseWebTamplate\BaseWebTamplate.csproj", "{F9F5039A-7003-43B7-8B87-B15AC5901DDE}"
EndProject
Project("{FAE04EC0-301F-11D3-BF4B-00C04F79EFBC}") = "WebLibrary", "WebLibrary\WebLibrary.csproj", "{33AB7827-0030-47B3-9A01-175A55203CC4}"
EndProject
Project("{FAE04EC0-301F-11D3-BF4B-00C04F79EFBC}") = "BologTamplatePage", "BologTamplatePage\BologTamplatePage.csproj", "{529853F2-F9DE-4107-A05B-4DE43667AAA3}"
EndProject
Global
	GlobalSection(SolutionConfigurationPlatforms) = preSolution
		Debug|Any CPU = Debug|Any CPU
		Release|Any CPU = Release|Any CPU
	EndGlobalSection
	GlobalSection(ProjectConfigurationPlatforms) = postSolution
		{F9F5039A-7003-43B7-8B87-B15AC5901DDE}.Debug|Any CPU.ActiveCfg = Debug|Any CPU
		{F9F5039A-7003-43B7-8B87-B15AC5901DDE}.Debug|Any CPU.Build.0 = Debug|Any CPU
		{F9F5039A-7003-43B7-8B87-B15AC5901DDE}.Release|Any CPU.ActiveCfg = Release|Any CPU
		{F9F5039A-7003-43B7-8B87-B15AC5901DDE}.Release|Any CPU.Build.0 = Release|Any CPU
		{33AB7827-0030-47B3-9A01-175A55203CC4}.Debug|Any CPU.ActiveCfg = Debug|Any CPU
		{33AB7827-0030-47B3-9A01-175A55203CC4}.Debug|Any CPU.Build.0 = Debug|Any CPU
		{33AB7827-0030-47B3-9A01-175A55203CC4}.Release|Any CPU.ActiveCfg = Release|Any CPU
		{33AB7827-0030-47B3-9A01-175A55203CC4}.Release|Any CPU.Build.0 = Release|Any CPU
		{529853F2-F9DE-4107-A05B-4DE43667AAA3}.Debug|Any CPU.ActiveCfg = Debug|Any CPU
		{529853F2-F9DE-4107-A05B-4DE43667AAA3}.Debug|Any CPU.Build.0 = Debug|Any CPU
		{529853F2-F9DE-4107-A05B-4DE43667AAA3}.Release|Any CPU.ActiveCfg = Release|Any CPU
		{529853F2-F9DE-4107-A05B-4DE43667AAA3}.Release|Any CPU.Build.0 = Release|Any CPU
	EndGlobalSection
	GlobalSection(SolutionProperties) = preSolution
		HideSolutionNode = FALSE
	EndGlobalSection
EndGlobal
